
Microsoft Visual Studio Solution File, Format Version 12.00
# Visual Studio Version 16
VisualStudioVersion = 16.0.29926.136
MinimumVisualStudioVersion = 10.0.40219.1
Project("{FAE04EC0-301F-11D3-BF4B-00C04F79EFBC}") = "BranchComplexToStatePart1", "BranchComplexToStatePart1\BranchComplexToStatePart1.csproj", "{53DD0CAE-B461-44DE-81D1-348679BFDCC2}"
EndProject
Global
	GlobalSection(SolutionConfigurationPlatforms) = preSolution
		Debug|Any CPU = Debug|Any CPU
		Release|Any CPU = Release|Any CPU
	EndGlobalSection
	GlobalSection(ProjectConfigurationPlatforms) = postSolution
		{53DD0CAE-B461-44DE-81D1-348679BFDCC2}.Debug|Any CPU.ActiveCfg = Debug|Any CPU
		{53DD0CAE-B461-44DE-81D1-348679BFDCC2}.Debug|Any CPU.Build.0 = Debug|Any CPU
		{53DD0CAE-B461-44DE-81D1-348679BFDCC2}.Release|Any CPU.ActiveCfg = Release|Any CPU
		{53DD0CAE-B461-44DE-81D1-348679BFDCC2}.Release|Any CPU.Build.0 = Release|Any CPU
	EndGlobalSection
	GlobalSection(SolutionProperties) = preSolution
		HideSolutionNode = FALSE
	EndGlobalSection
	GlobalSection(ExtensibilityGlobals) = postSolution
		SolutionGuid = {B71A0350-8ECE-4063-9277-D95E293202A1}
	EndGlobalSection
EndGlobal
